<?xml version="1.0" encoding="utf-8"?>
<Project ToolsVersion="17.0" xmlns="http://schemas.microsoft.com/developer/msbuild/2003">
  <ItemGroup>
    <ClCompile Include="D:\Ogre3D\PlugIns\BSPSceneManager\src\OgreBspLevel.cpp">
      <Filter>Source Files</Filter>
    </ClCompile>
    <ClCompile Include="D:\Ogre3D\PlugIns\BSPSceneManager\src\OgreBspNode.cpp">
      <Filter>Source Files</Filter>
    </ClCompile>
    <ClCompile Include="D:\Ogre3D\PlugIns\BSPSceneManager\src\OgreBspSceneManager.cpp">
      <Filter>Source Files</Filter>
    </ClCompile>
    <ClCompile Include="D:\Ogre3D\PlugIns\BSPSceneManager\src\OgreBspSceneManagerDll.cpp">
      <Filter>Source Files</Filter>
    </ClCompile>
    <ClCompile Include="D:\Ogre3D\PlugIns\BSPSceneManager\src\OgreBspSceneManagerPlugin.cpp">
      <Filter>Source Files</Filter>
    </ClCompile>
    <ClCompile Include="D:\Ogre3D\PlugIns\BSPSceneManager\src\OgreBspSceneNode.cpp">
      <Filter>Source Files</Filter>
    </ClCompile>
    <ClCompile Include="D:\Ogre3D\PlugIns\BSPSceneManager\src\OgreQuake3Level.cpp">
      <Filter>Source Files</Filter>
    </ClCompile>
    <ClCompile Include="D:\Ogre3D\PlugIns\BSPSceneManager\src\OgreQuake3Shader.cpp">
      <Filter>Source Files</Filter>
    </ClCompile>
    <ClCompile Include="D:\Ogre3D\PlugIns\BSPSceneManager\src\OgreQuake3ShaderManager.cpp">
      <Filter>Source Files</Filter>
    </ClCompile>
  </ItemGroup>
  <ItemGroup>
    <ClInclude Include="D:\Ogre3D\PlugIns\BSPSceneManager\include\OgreBspLevel.h">
      <Filter>Header Files</Filter>
    </ClInclude>
    <ClInclude Include="D:\Ogre3D\PlugIns\BSPSceneManager\include\OgreBspNode.h">
      <Filter>Header Files</Filter>
    </ClInclude>
    <ClInclude Include="D:\Ogre3D\PlugIns\BSPSceneManager\include\OgreBspSceneManager.h">
      <Filter>Header Files</Filter>
    </ClInclude>
    <ClInclude Include="D:\Ogre3D\PlugIns\BSPSceneManager\include\OgreBspSceneManagerPlugin.h">
      <Filter>Header Files</Filter>
    </ClInclude>
    <ClInclude Include="D:\Ogre3D\PlugIns\BSPSceneManager\include\OgreBspSceneNode.h">
      <Filter>Header Files</Filter>
    </ClInclude>
    <ClInclude Include="D:\Ogre3D\PlugIns\BSPSceneManager\include\OgreQuake3Level.h">
      <Filter>Header Files</Filter>
    </ClInclude>
    <ClInclude Include="D:\Ogre3D\PlugIns\BSPSceneManager\include\OgreQuake3Shader.h">
      <Filter>Header Files</Filter>
    </ClInclude>
    <ClInclude Include="D:\Ogre3D\PlugIns\BSPSceneManager\include\OgreQuake3ShaderManager.h">
      <Filter>Header Files</Filter>
    </ClInclude>
    <ClInclude Include="D:\Ogre3D\PlugIns\BSPSceneManager\include\OgreQuake3Types.h">
      <Filter>Header Files</Filter>
    </ClInclude>
    <ClInclude Include="D:\Ogre3D\PlugIns\BSPSceneManager\include\OgreStaticFaceGroup.h">
      <Filter>Header Files</Filter>
    </ClInclude>
    <ClInclude Include="D:\Ogre3D\build\include\OgreBspPrerequisites.h">
      <Filter>Header Files</Filter>
    </ClInclude>
  </ItemGroup>
  <ItemGroup>
    <Filter Include="Header Files">
      <UniqueIdentifier>{A87F37A1-6635-3826-B131-5617B64B37C4}</UniqueIdentifier>
    </Filter>
    <Filter Include="Source Files">
      <UniqueIdentifier>{1ACB4073-6B72-37A7-8684-A70FBC5536D2}</UniqueIdentifier>
    </Filter>
  </ItemGroup>
</Project>
