<?xml version="1.0" encoding="utf-8"?>
<Project ToolsVersion="17.0" xmlns="http://schemas.microsoft.com/developer/msbuild/2003">
  <ItemGroup>
    <ClCompile Include="C:\Windows\System32\Ogre\ogre-next\Samples\2.0\Tutorials\Tutorial_DynamicCubemap\Tutorial_DynamicCubemap.cpp">
      <Filter>Source Files</Filter>
    </ClCompile>
    <ClCompile Include="C:\Windows\System32\Ogre\ogre-next\Samples\2.0\Tutorials\Tutorial_DynamicCubemap\Tutorial_DynamicCubemapGameState.cpp">
      <Filter>Source Files</Filter>
    </ClCompile>
  </ItemGroup>
  <ItemGroup>
    <ClInclude Include="C:\Windows\System32\Ogre\ogre-next\Samples\2.0\Tutorials\Tutorial_DynamicCubemap\Tutorial_DynamicCubemapGameState.h">
      <Filter>Header Files</Filter>
    </ClInclude>
  </ItemGroup>
  <ItemGroup>
    <Filter Include="Header Files">
      <UniqueIdentifier>{79B5AC2B-212B-33A8-A004-2FC589A3958B}</UniqueIdentifier>
    </Filter>
    <Filter Include="Source Files">
      <UniqueIdentifier>{E747CA16-F163-3533-A414-32D5880B66AA}</UniqueIdentifier>
    </Filter>
  </ItemGroup>
</Project>
